
Microsoft Visual Studio Solution File, Format Version 12.00
# Visual Studio Version 17
VisualStudioVersion = 17.0.31808.319
MinimumVisualStudioVersion = 10.0.40219.1
Project("{9A19103F-16F7-4668-BE54-9A1E7A4F7556}") = "TextEditor", "TextEditor.csproj", "{CCA94F3F-9480-46EA-9A27-F11C5E71CDAE}"
EndProject
Global
	GlobalSection(SolutionConfigurationPlatforms) = preSolution
		Debug|Any CPU = Debug|Any CPU
		Release|Any CPU = Release|Any CPU
	EndGlobalSection
	GlobalSection(ProjectConfigurationPlatforms) = postSolution
		{CCA94F3F-9480-46EA-9A27-F11C5E71CDAE}.Debug|Any CPU.ActiveCfg = Debug|Any CPU
		{CCA94F3F-9480-46EA-9A27-F11C5E71CDAE}.Debug|Any CPU.Build.0 = Debug|Any CPU
		{CCA94F3F-9480-46EA-9A27-F11C5E71CDAE}.Release|Any CPU.ActiveCfg = Release|Any CPU
		{CCA94F3F-9480-46EA-9A27-F11C5E71CDAE}.Release|Any CPU.Build.0 = Release|Any CPU
	EndGlobalSection
	GlobalSection(SolutionProperties) = preSolution
		HideSolutionNode = FALSE
	EndGlobalSection
	GlobalSection(ExtensibilityGlobals) = postSolution
		SolutionGuid = {2A715291-AC7F-4486-85BF-750C1CEE5F2F}
	EndGlobalSection
EndGlobal
